
Microsoft Visual Studio Solution File, Format Version 12.00
# Visual Studio Version 17
VisualStudioVersion = 17.9.34607.119
MinimumVisualStudioVersion = 10.0.40219.1
Project("{9A19103F-16F7-4668-BE54-9A1E7A4F7556}") = "WebHotelvesion1.0", "WebHotel'vesion1.0\WebHotelvesion1.0.csproj", "{A5610767-9A0D-49E1-B2BE-A271C781ED93}"
EndProject
Global
	GlobalSection(SolutionConfigurationPlatforms) = preSolution
		Debug|Any CPU = Debug|Any CPU
		Debug|x64 = Debug|x64
		Debug|x86 = Debug|x86
		Release|Any CPU = Release|Any CPU
		Release|x64 = Release|x64
		Release|x86 = Release|x86
	EndGlobalSection
	GlobalSection(ProjectConfigurationPlatforms) = postSolution
		{A5610767-9A0D-49E1-B2BE-A271C781ED93}.Debug|Any CPU.ActiveCfg = Debug|Any CPU
		{A5610767-9A0D-49E1-B2BE-A271C781ED93}.Debug|Any CPU.Build.0 = Debug|Any CPU
		{A5610767-9A0D-49E1-B2BE-A271C781ED93}.Debug|x64.ActiveCfg = Debug|Any CPU
		{A5610767-9A0D-49E1-B2BE-A271C781ED93}.Debug|x64.Build.0 = Debug|Any CPU
		{A5610767-9A0D-49E1-B2BE-A271C781ED93}.Debug|x86.ActiveCfg = Debug|Any CPU
		{A5610767-9A0D-49E1-B2BE-A271C781ED93}.Debug|x86.Build.0 = Debug|Any CPU
		{A5610767-9A0D-49E1-B2BE-A271C781ED93}.Release|Any CPU.ActiveCfg = Release|Any CPU
		{A5610767-9A0D-49E1-B2BE-A271C781ED93}.Release|Any CPU.Build.0 = Release|Any CPU
		{A5610767-9A0D-49E1-B2BE-A271C781ED93}.Release|x64.ActiveCfg = Release|Any CPU
		{A5610767-9A0D-49E1-B2BE-A271C781ED93}.Release|x64.Build.0 = Release|Any CPU
		{A5610767-9A0D-49E1-B2BE-A271C781ED93}.Release|x86.ActiveCfg = Release|Any CPU
		{A5610767-9A0D-49E1-B2BE-A271C781ED93}.Release|x86.Build.0 = Release|Any CPU
	EndGlobalSection
	GlobalSection(SolutionProperties) = preSolution
		HideSolutionNode = FALSE
	EndGlobalSection
	GlobalSection(ExtensibilityGlobals) = postSolution
		SolutionGuid = {88F3E235-66CF-442D-BE76-D3D755CB67CC}
	EndGlobalSection
EndGlobal
